
Microsoft Visual Studio Solution File, Format Version 12.00
# Visual Studio 15
VisualStudioVersion = 15.0.28307.421
MinimumVisualStudioVersion = 10.0.40219.1
Project("{FAE04EC0-301F-11D3-BF4B-00C04F79EFBC}") = "CheckingAccountFiles", "CheckingAccountFiles\CheckingAccountFiles.csproj", "{DB8A26C2-4290-422F-A520-57719008BFE7}"
EndProject
Global
	GlobalSection(SolutionConfigurationPlatforms) = preSolution
		Debug|Any CPU = Debug|Any CPU
		Release|Any CPU = Release|Any CPU
	EndGlobalSection
	GlobalSection(ProjectConfigurationPlatforms) = postSolution
		{DB8A26C2-4290-422F-A520-57719008BFE7}.Debug|Any CPU.ActiveCfg = Debug|Any CPU
		{DB8A26C2-4290-422F-A520-57719008BFE7}.Debug|Any CPU.Build.0 = Debug|Any CPU
		{DB8A26C2-4290-422F-A520-57719008BFE7}.Release|Any CPU.ActiveCfg = Release|Any CPU
		{DB8A26C2-4290-422F-A520-57719008BFE7}.Release|Any CPU.Build.0 = Release|Any CPU
	EndGlobalSection
	GlobalSection(SolutionProperties) = preSolution
		HideSolutionNode = FALSE
	EndGlobalSection
	GlobalSection(ExtensibilityGlobals) = postSolution
		SolutionGuid = {49C66AC4-009A-4927-96A9-5939792924F7}
	EndGlobalSection
EndGlobal
